
Microsoft Visual Studio Solution File, Format Version 12.00
# Visual Studio 15
VisualStudioVersion = 15.0.27703.2035
MinimumVisualStudioVersion = 10.0.40219.1
Project("{9A19103F-16F7-4668-BE54-9A1E7A4F7556}") = "WineTime", "WineTime\WineTime.csproj", "{6861701F-3D2D-47FC-88E0-CF34B4267A15}"
EndProject
Global
	GlobalSection(SolutionConfigurationPlatforms) = preSolution
		Debug|Any CPU = Debug|Any CPU
		Release|Any CPU = Release|Any CPU
	EndGlobalSection
	GlobalSection(ProjectConfigurationPlatforms) = postSolution
		{6861701F-3D2D-47FC-88E0-CF34B4267A15}.Debug|Any CPU.ActiveCfg = Debug|Any CPU
		{6861701F-3D2D-47FC-88E0-CF34B4267A15}.Debug|Any CPU.Build.0 = Debug|Any CPU
		{6861701F-3D2D-47FC-88E0-CF34B4267A15}.Release|Any CPU.ActiveCfg = Release|Any CPU
		{6861701F-3D2D-47FC-88E0-CF34B4267A15}.Release|Any CPU.Build.0 = Release|Any CPU
	EndGlobalSection
	GlobalSection(SolutionProperties) = preSolution
		HideSolutionNode = FALSE
	EndGlobalSection
	GlobalSection(ExtensibilityGlobals) = postSolution
		SolutionGuid = {B02AE958-D9FC-4148-846A-601490C28892}
	EndGlobalSection
EndGlobal
